
Microsoft Visual Studio Solution File, Format Version 12.00
# Visual Studio Version 17
VisualStudioVersion = 17.0.31903.59
MinimumVisualStudioVersion = 10.0.40219.1
Project("{2150E333-8FDC-42A3-9474-1A3956D46DE8}") = "Day01", "Day01", "{26F64BF7-2AF8-4BEF-ACB4-D69CEC7D267E}"
	ProjectSection(SolutionItems) = preProject
		Day01\README.md = Day01\README.md
	EndProjectSection
EndProject
Project("{FAE04EC0-301F-11D3-BF4B-00C04F79EFBC}") = "Solution", "Day01\Solution\Solution.csproj", "{DF6E4EA3-BC5B-4DD9-8AB7-88B575AA48EF}"
EndProject
Project("{FAE04EC0-301F-11D3-BF4B-00C04F79EFBC}") = "Test", "Day01\Test\Test.csproj", "{88AE7838-6007-4774-95EF-81045FCCE7A0}"
EndProject
Project("{2150E333-8FDC-42A3-9474-1A3956D46DE8}") = "Day02", "Day02", "{04D978CE-5E76-42CE-A478-3DBE4A58C1BF}"
	ProjectSection(SolutionItems) = preProject
		Day02\README.md = Day02\README.md
	EndProjectSection
EndProject
Project("{FAE04EC0-301F-11D3-BF4B-00C04F79EFBC}") = "Solution", "Day02\Solution\Solution.csproj", "{7A283171-9D24-4A53-BFAB-1F667D759E97}"
EndProject
Project("{FAE04EC0-301F-11D3-BF4B-00C04F79EFBC}") = "Test", "Day02\Test\Test.csproj", "{479CC6BA-3A7B-4A1F-B2C0-C77232761B3E}"
EndProject
Project("{2150E333-8FDC-42A3-9474-1A3956D46DE8}") = "Day03", "Day03", "{24536937-16F8-4CB4-88E9-8E10B033345E}"
	ProjectSection(SolutionItems) = preProject
		Day03\README.md = Day03\README.md
	EndProjectSection
EndProject
Project("{FAE04EC0-301F-11D3-BF4B-00C04F79EFBC}") = "Solution", "Day03\Solution\Solution.csproj", "{96E478C7-3471-4FC9-B680-CC7D3DCC219E}"
EndProject
Project("{FAE04EC0-301F-11D3-BF4B-00C04F79EFBC}") = "Test", "Day03\Test\Test.csproj", "{F01B95E1-3343-45A4-B486-3773E75C8BE2}"
EndProject
Project("{2150E333-8FDC-42A3-9474-1A3956D46DE8}") = "Day04", "Day04", "{BFCBC23B-79C2-428A-842E-E9557AA1F850}"
EndProject
Project("{FAE04EC0-301F-11D3-BF4B-00C04F79EFBC}") = "Solution", "Day04\Solution\Solution.csproj", "{01F255E0-0C1B-405D-BFEC-51E698E213CC}"
EndProject
Project("{FAE04EC0-301F-11D3-BF4B-00C04F79EFBC}") = "Test", "Day04\Test\Test.csproj", "{4CE90CA3-FF47-4166-9ABB-E05E9AE183D7}"
EndProject
Global
	GlobalSection(SolutionConfigurationPlatforms) = preSolution
		Debug|Any CPU = Debug|Any CPU
		Release|Any CPU = Release|Any CPU
	EndGlobalSection
	GlobalSection(SolutionProperties) = preSolution
		HideSolutionNode = FALSE
	EndGlobalSection
	GlobalSection(ProjectConfigurationPlatforms) = postSolution
		{DF6E4EA3-BC5B-4DD9-8AB7-88B575AA48EF}.Debug|Any CPU.ActiveCfg = Debug|Any CPU
		{DF6E4EA3-BC5B-4DD9-8AB7-88B575AA48EF}.Debug|Any CPU.Build.0 = Debug|Any CPU
		{DF6E4EA3-BC5B-4DD9-8AB7-88B575AA48EF}.Release|Any CPU.ActiveCfg = Release|Any CPU
		{DF6E4EA3-BC5B-4DD9-8AB7-88B575AA48EF}.Release|Any CPU.Build.0 = Release|Any CPU
		{88AE7838-6007-4774-95EF-81045FCCE7A0}.Debug|Any CPU.ActiveCfg = Debug|Any CPU
		{88AE7838-6007-4774-95EF-81045FCCE7A0}.Debug|Any CPU.Build.0 = Debug|Any CPU
		{88AE7838-6007-4774-95EF-81045FCCE7A0}.Release|Any CPU.ActiveCfg = Release|Any CPU
		{88AE7838-6007-4774-95EF-81045FCCE7A0}.Release|Any CPU.Build.0 = Release|Any CPU
		{7A283171-9D24-4A53-BFAB-1F667D759E97}.Debug|Any CPU.ActiveCfg = Debug|Any CPU
		{7A283171-9D24-4A53-BFAB-1F667D759E97}.Debug|Any CPU.Build.0 = Debug|Any CPU
		{7A283171-9D24-4A53-BFAB-1F667D759E97}.Release|Any CPU.ActiveCfg = Release|Any CPU
		{7A283171-9D24-4A53-BFAB-1F667D759E97}.Release|Any CPU.Build.0 = Release|Any CPU
		{479CC6BA-3A7B-4A1F-B2C0-C77232761B3E}.Debug|Any CPU.ActiveCfg = Debug|Any CPU
		{479CC6BA-3A7B-4A1F-B2C0-C77232761B3E}.Debug|Any CPU.Build.0 = Debug|Any CPU
		{479CC6BA-3A7B-4A1F-B2C0-C77232761B3E}.Release|Any CPU.ActiveCfg = Release|Any CPU
		{479CC6BA-3A7B-4A1F-B2C0-C77232761B3E}.Release|Any CPU.Build.0 = Release|Any CPU
		{96E478C7-3471-4FC9-B680-CC7D3DCC219E}.Debug|Any CPU.ActiveCfg = Debug|Any CPU
		{96E478C7-3471-4FC9-B680-CC7D3DCC219E}.Debug|Any CPU.Build.0 = Debug|Any CPU
		{96E478C7-3471-4FC9-B680-CC7D3DCC219E}.Release|Any CPU.ActiveCfg = Release|Any CPU
		{96E478C7-3471-4FC9-B680-CC7D3DCC219E}.Release|Any CPU.Build.0 = Release|Any CPU
		{F01B95E1-3343-45A4-B486-3773E75C8BE2}.Debug|Any CPU.ActiveCfg = Debug|Any CPU
		{F01B95E1-3343-45A4-B486-3773E75C8BE2}.Debug|Any CPU.Build.0 = Debug|Any CPU
		{F01B95E1-3343-45A4-B486-3773E75C8BE2}.Release|Any CPU.ActiveCfg = Release|Any CPU
		{F01B95E1-3343-45A4-B486-3773E75C8BE2}.Release|Any CPU.Build.0 = Release|Any CPU
		{01F255E0-0C1B-405D-BFEC-51E698E213CC}.Debug|Any CPU.ActiveCfg = Debug|Any CPU
		{01F255E0-0C1B-405D-BFEC-51E698E213CC}.Debug|Any CPU.Build.0 = Debug|Any CPU
		{01F255E0-0C1B-405D-BFEC-51E698E213CC}.Release|Any CPU.ActiveCfg = Release|Any CPU
		{01F255E0-0C1B-405D-BFEC-51E698E213CC}.Release|Any CPU.Build.0 = Release|Any CPU
		{4CE90CA3-FF47-4166-9ABB-E05E9AE183D7}.Debug|Any CPU.ActiveCfg = Debug|Any CPU
		{4CE90CA3-FF47-4166-9ABB-E05E9AE183D7}.Debug|Any CPU.Build.0 = Debug|Any CPU
		{4CE90CA3-FF47-4166-9ABB-E05E9AE183D7}.Release|Any CPU.ActiveCfg = Release|Any CPU
		{4CE90CA3-FF47-4166-9ABB-E05E9AE183D7}.Release|Any CPU.Build.0 = Release|Any CPU
	EndGlobalSection
	GlobalSection(NestedProjects) = preSolution
		{DF6E4EA3-BC5B-4DD9-8AB7-88B575AA48EF} = {26F64BF7-2AF8-4BEF-ACB4-D69CEC7D267E}
		{88AE7838-6007-4774-95EF-81045FCCE7A0} = {26F64BF7-2AF8-4BEF-ACB4-D69CEC7D267E}
		{7A283171-9D24-4A53-BFAB-1F667D759E97} = {04D978CE-5E76-42CE-A478-3DBE4A58C1BF}
		{479CC6BA-3A7B-4A1F-B2C0-C77232761B3E} = {04D978CE-5E76-42CE-A478-3DBE4A58C1BF}
		{96E478C7-3471-4FC9-B680-CC7D3DCC219E} = {24536937-16F8-4CB4-88E9-8E10B033345E}
		{F01B95E1-3343-45A4-B486-3773E75C8BE2} = {24536937-16F8-4CB4-88E9-8E10B033345E}
		{01F255E0-0C1B-405D-BFEC-51E698E213CC} = {BFCBC23B-79C2-428A-842E-E9557AA1F850}
		{4CE90CA3-FF47-4166-9ABB-E05E9AE183D7} = {BFCBC23B-79C2-428A-842E-E9557AA1F850}
	EndGlobalSection
EndGlobal
